{
  "name": "payment_service",
  "lockfileVersion": 3,
  "requires": true,
  "packages": {
    "": {
      "dependencies": {
        "vnpay": "^2.4.4"
      }
    },
    "node_modules/dayjs": {
      "version": "1.11.18",
      "resolved": "https://registry.npmjs.org/dayjs/-/dayjs-1.11.18.tgz",
      "integrity": "sha512-zFBQ7WFRvVRhKcWoUh+ZA1g2HVgUbsZm9sbddh8EC5iv93sui8DVVz1Npvz+r6meo9VKfa8NyLWBsQK1VvIKPA==",
      "license": "MIT"
    },
    "node_modules/vnpay": {
      "version": "2.4.4",
      "resolved": "https://registry.npmjs.org/vnpay/-/vnpay-2.4.4.tgz",
      "integrity": "sha512-NvftKF1K+JRAyZ7I11Nz/nxmSOaya6Txy/fcW2xFGpBzUsKjfyr2YEg210YitgVHvgtZ94j2/8DFRm8PwjUHjA==",
      "license": "MIT",
      "dependencies": {
        "dayjs": "^1.11.13"
      }
    }
  }
}
